Microsoft Visual Studio Solution File, Format Version 12.00
# Visual Studio Version 17
VisualStudioVersion = 17.5.2.0
MinimumVisualStudioVersion = 10.0.40219.1
Project("{FAE04EC0-301F-11D3-BF4B-00C04F79EFBC}") = "perceptronxor", "perceptronxor.csproj", "{733254CF-3BBB-B1AE-8DD0-73DEF16CD7E3}"
EndProject
Global
	GlobalSection(SolutionConfigurationPlatforms) = preSolution
		Debug|Any CPU = Debug|Any CPU
		Release|Any CPU = Release|Any CPU
	EndGlobalSection
	GlobalSection(ProjectConfigurationPlatforms) = postSolution
		{733254CF-3BBB-B1AE-8DD0-73DEF16CD7E3}.Debug|Any CPU.ActiveCfg = Debug|Any CPU
		{733254CF-3BBB-B1AE-8DD0-73DEF16CD7E3}.Debug|Any CPU.Build.0 = Debug|Any CPU
		{733254CF-3BBB-B1AE-8DD0-73DEF16CD7E3}.Release|Any CPU.ActiveCfg = Release|Any CPU
		{733254CF-3BBB-B1AE-8DD0-73DEF16CD7E3}.Release|Any CPU.Build.0 = Release|Any CPU
	EndGlobalSection
	GlobalSection(SolutionProperties) = preSolution
		HideSolutionNode = FALSE
	EndGlobalSection
	GlobalSection(ExtensibilityGlobals) = postSolution
		SolutionGuid = {14BC65D0-6469-4C58-8C11-6ED7297F12BC}
	EndGlobalSection
EndGlobal
